{
  "nodes": {
    "blender": {
      "inputs": {
        "nixpkgs": "nixpkgs"
      },
      "locked": {
        "dir": "blender",
        "lastModified": 1640357207,
        "narHash": "sha256-Pe2z+qkeLuwx+Gg+y9yQLfZIPwf6BmdNeZU2FYUi3ik=",
        "owner": "edolstra",
        "repo": "nix-warez",
        "rev": "8293064b7f927de29c9a34c4918cc6fdd42b8f52",
        "type": "github"
      },
      "original": {
        "dir": "blender",
        "owner": "edolstra",
        "repo": "nix-warez",
        "type": "github"
      }
    },
    "flake-utils": {
      "locked": {
        "lastModified": 1610051610,
        "narHash": "sha256-U9rPz/usA1/Aohhk7Cmc2gBrEEKRzcW4nwPWMPwja4Y=",
        "owner": "numtide",
        "repo": "flake-utils",
        "rev": "3982c9903e93927c2164caa727cd3f6a0e6d14cc",
        "type": "github"
      },
      "original": {
        "owner": "numtide",
        "repo": "flake-utils",
        "type": "github"
      }
    },
    "nixpkgs": {
      "locked": {
        "lastModified": 1632918953,
        "narHash": "sha256-XY3TKBfhP7wCu/SeqrwIkTWkyYHy5W1yRR8pxyzRY9Y=",
        "owner": "NixOS",
        "repo": "nixpkgs",
        "rev": "ee90403e147b181300dffca5b0afa405e14f1945",
        "type": "github"
      },
      "original": {
        "id": "nixpkgs",
        "ref": "nixos-21.05",
        "type": "indirect"
      }
    },
    "nixpkgs_2": {
      "locked": {
        "lastModified": 1641783572,
        "narHash": "sha256-gkrIuUtbRKGEb+SrBVl6hEG4PY9rg+zhDyX0n3mRFMY=",
        "owner": "NixOS",
        "repo": "nixpkgs",
        "rev": "79c7b6a353e22f0eec342dead0bc69fb7ce846db",
        "type": "github"
      },
      "original": {
        "owner": "NixOS",
        "ref": "nixos-21.11",
        "repo": "nixpkgs",
        "type": "github"
      }
    },
    "nixpkgs_3": {
      "locked": {
        "lastModified": 1610729867,
        "narHash": "sha256-bk/SBaBLqZX/PEqal27DMQwAHHl0dcZMp8NNksQr80s=",
        "owner": "NixOS",
        "repo": "nixpkgs",
        "rev": "04af07c659c6723a2259bb6bc00a47ec53330f20",
        "type": "github"
      },
      "original": {
        "owner": "NixOS",
        "repo": "nixpkgs",
        "type": "github"
      }
    },
    "poetry2nix": {
      "inputs": {
        "flake-utils": "flake-utils",
        "nixpkgs": "nixpkgs_3"
      },
      "locked": {
        "lastModified": 1641971783,
        "narHash": "sha256-YT7F0/FHH7xfSDcXgk2PNQmb91fut0R2Bl99IEpEvzQ=",
        "owner": "nix-community",
        "repo": "poetry2nix",
        "rev": "f07f50900430361fa023b5edd3e96b001822aac0",
        "type": "github"
      },
      "original": {
        "owner": "nix-community",
        "ref": "1.26.0",
        "repo": "poetry2nix",
        "type": "github"
      }
    },
    "release2105": {
      "locked": {
        "lastModified": 1641734288,
        "narHash": "sha256-/7YwWbvkjinc4uu5aUQMRw3xAthhOVH/esm4tCXPzIQ=",
        "owner": "NixOS",
        "repo": "nixpkgs",
        "rev": "df123677560db3b0db7c19d71981b11091fbeaf6",
        "type": "github"
      },
      "original": {
        "owner": "NixOS",
        "ref": "nixos-21.05",
        "repo": "nixpkgs",
        "type": "github"
      }
    },
    "root": {
      "inputs": {
        "blender": "blender",
        "nixpkgs": "nixpkgs_2",
        "poetry2nix": "poetry2nix",
        "release2105": "release2105",
        "unstable": "unstable"
      }
    },
    "unstable": {
      "locked": {
        "lastModified": 1642104392,
        "narHash": "sha256-m71b7MgMh9FDv4MnI5sg9MiBVW6DhE1zq+d/KlLWSC8=",
        "owner": "NixOS",
        "repo": "nixpkgs",
        "rev": "5aaed40d22f0d9376330b6fa413223435ad6fee5",
        "type": "github"
      },
      "original": {
        "owner": "NixOS",
        "ref": "nixos-unstable",
        "repo": "nixpkgs",
        "type": "github"
      }
    }
  },
  "root": "root",
  "version": 7
}
