{
  "nodes": {
    "blender": {
      "inputs": {
        "nixpkgs": "nixpkgs"
      },
      "locked": {
        "dir": "blender",
        "lastModified": 1654777471,
        "narHash": "sha256-MaFjE7StlSGn6Nt4In7h8H6A6Yinn6iUa95luFvTU0c=",
        "owner": "edolstra",
        "repo": "nix-warez",
        "rev": "60cff69c394cb9beefdda7602053c39bb8d635aa",
        "type": "github"
      },
      "original": {
        "dir": "blender",
        "owner": "edolstra",
        "repo": "nix-warez",
        "type": "github"
      }
    },
    "flake-utils": {
      "locked": {
        "lastModified": 1610051610,
        "narHash": "sha256-U9rPz/usA1/Aohhk7Cmc2gBrEEKRzcW4nwPWMPwja4Y=",
        "owner": "numtide",
        "repo": "flake-utils",
        "rev": "3982c9903e93927c2164caa727cd3f6a0e6d14cc",
        "type": "github"
      },
      "original": {
        "owner": "numtide",
        "repo": "flake-utils",
        "type": "github"
      }
    },
    "nixpkgs": {
      "locked": {
        "lastModified": 1654622265,
        "narHash": "sha256-AltUA8bPbXeRgzcDhQEURVHqQhTByxk6Xtgf+CYmEFk=",
        "owner": "NixOS",
        "repo": "nixpkgs",
        "rev": "11e805f9935f6ab4b049351ac14f2d1aa93cf1d3",
        "type": "github"
      },
      "original": {
        "id": "nixpkgs",
        "ref": "nixos-22.05",
        "type": "indirect"
      }
    },
    "nixpkgs_2": {
      "locked": {
        "lastModified": 1657654771,
        "narHash": "sha256-uIGbt+rU89aTlSx8+4g9vKioWc8nmCCcaaFCNPHM07c=",
        "owner": "NixOS",
        "repo": "nixpkgs",
        "rev": "4aceab3cadf9fef6f70b9f6a9df964218650db0a",
        "type": "github"
      },
      "original": {
        "owner": "NixOS",
        "ref": "nixos-22.05",
        "repo": "nixpkgs",
        "type": "github"
      }
    },
    "nixpkgs_3": {
      "locked": {
        "lastModified": 1610729867,
        "narHash": "sha256-bk/SBaBLqZX/PEqal27DMQwAHHl0dcZMp8NNksQr80s=",
        "owner": "NixOS",
        "repo": "nixpkgs",
        "rev": "04af07c659c6723a2259bb6bc00a47ec53330f20",
        "type": "github"
      },
      "original": {
        "owner": "NixOS",
        "repo": "nixpkgs",
        "type": "github"
      }
    },
    "poetry2nix": {
      "inputs": {
        "flake-utils": "flake-utils",
        "nixpkgs": "nixpkgs_3"
      },
      "locked": {
        "lastModified": 1641971783,
        "narHash": "sha256-YT7F0/FHH7xfSDcXgk2PNQmb91fut0R2Bl99IEpEvzQ=",
        "owner": "nix-community",
        "repo": "poetry2nix",
        "rev": "f07f50900430361fa023b5edd3e96b001822aac0",
        "type": "github"
      },
      "original": {
        "owner": "nix-community",
        "ref": "1.26.0",
        "repo": "poetry2nix",
        "type": "github"
      }
    },
    "release2105": {
      "locked": {
        "lastModified": 1655034179,
        "narHash": "sha256-rf1/7AbzuYDw6+8Xvvf3PtEOygymLBrFsFxvext5ZjI=",
        "owner": "NixOS",
        "repo": "nixpkgs",
        "rev": "046ee4af7a9f016a364f8f78eeaa356ba524ac31",
        "type": "github"
      },
      "original": {
        "owner": "NixOS",
        "ref": "nixos-21.05",
        "repo": "nixpkgs",
        "type": "github"
      }
    },
    "release2111": {
      "locked": {
        "lastModified": 1656782578,
        "narHash": "sha256-1eMCBEqJplPotTo/SZ/t5HU6Sf2I8qKlZi9MX7jv9fw=",
        "owner": "NixOS",
        "repo": "nixpkgs",
        "rev": "573603b7fdb9feb0eb8efc16ee18a015c667ab1b",
        "type": "github"
      },
      "original": {
        "owner": "NixOS",
        "ref": "nixos-21.11",
        "repo": "nixpkgs",
        "type": "github"
      }
    },
    "root": {
      "inputs": {
        "blender": "blender",
        "nixpkgs": "nixpkgs_2",
        "poetry2nix": "poetry2nix",
        "release2105": "release2105",
        "release2111": "release2111",
        "unstable": "unstable"
      }
    },
    "unstable": {
      "locked": {
        "lastModified": 1657533762,
        "narHash": "sha256-/cxTFSMmpAb8tBp1yVga1fj+i8LB9aAxnMjYFpRMuVs=",
        "owner": "NixOS",
        "repo": "nixpkgs",
        "rev": "38860c9e91cb00f4d8cd19c7b4e36c45680c89b5",
        "type": "github"
      },
      "original": {
        "owner": "NixOS",
        "ref": "nixos-unstable",
        "repo": "nixpkgs",
        "type": "github"
      }
    }
  },
  "root": "root",
  "version": 7
}
